
Microsoft Visual Studio Solution File, Format Version 12.00
# Visual Studio Version 17
VisualStudioVersion = 17.4.33110.190
MinimumVisualStudioVersion = 10.0.40219.1
Project("{FAE04EC0-301F-11D3-BF4B-00C04F79EFBC}") = "CurrencyExchange", "CurrencyExchange\CurrencyExchange.csproj", "{113413BF-4284-4C13-9D57-BC9CAB5DA4AF}"
EndProject
Global
	GlobalSection(SolutionConfigurationPlatforms) = preSolution
		Debug|Any CPU = Debug|Any CPU
		Release|Any CPU = Release|Any CPU
	EndGlobalSection
	GlobalSection(ProjectConfigurationPlatforms) = postSolution
		{113413BF-4284-4C13-9D57-BC9CAB5DA4AF}.Debug|Any CPU.ActiveCfg = Debug|Any CPU
		{113413BF-4284-4C13-9D57-BC9CAB5DA4AF}.Debug|Any CPU.Build.0 = Debug|Any CPU
		{113413BF-4284-4C13-9D57-BC9CAB5DA4AF}.Release|Any CPU.ActiveCfg = Release|Any CPU
		{113413BF-4284-4C13-9D57-BC9CAB5DA4AF}.Release|Any CPU.Build.0 = Release|Any CPU
	EndGlobalSection
	GlobalSection(SolutionProperties) = preSolution
		HideSolutionNode = FALSE
	EndGlobalSection
	GlobalSection(ExtensibilityGlobals) = postSolution
		SolutionGuid = {53C60711-4AA1-45D6-816C-63312BF28DF7}
	EndGlobalSection
EndGlobal
